{
  "name": "agi-browse-workspace",
  "lockfileVersion": 3,
  "requires": true,
  "packages": {
    "": {
      "name": "agi-browse-workspace",
      "workspaces": [
        "packages/mcp-bridge",
        "packages/sdk-typescript"
      ]
    },
    "node_modules/@agi-browse/mcp-bridge": {
      "resolved": "packages/mcp-bridge",
      "link": true
    },
    "node_modules/@agi-browse/sdk-typescript": {
      "resolved": "packages/sdk-typescript",
      "link": true
    },
    "node_modules/typescript": {
      "version": "6.0.3",
      "resolved": "https://registry.npmjs.org/typescript/-/typescript-6.0.3.tgz",
      "integrity": "sha512-y2TvuxSZPDyQakkFRPZHKFm+KKVqIisdg9/CZwm9ftvKXLP8NRWj38/ODjNbr43SsoXqNuAisEf1GdCxqWcdBw==",
      "dev": true,
      "license": "Apache-2.0",
      "bin": {
        "tsc": "bin/tsc",
        "tsserver": "bin/tsserver"
      },
      "engines": {
        "node": ">=14.17"
      }
    },
    "packages/mcp-bridge": {
      "name": "@agi-browse/mcp-bridge",
      "version": "0.0.0",
      "devDependencies": {
        "typescript": "6.0.3"
      }
    },
    "packages/sdk-typescript": {
      "name": "@agi-browse/sdk-typescript",
      "version": "0.0.0",
      "devDependencies": {
        "typescript": "6.0.3"
      }
    }
  }
}
